// !$*UTF8*$!
{
	archiveVersion = 1;
	classes = {
	};
	objectVersion = 55;
	objects = {

/* Begin PBXBuildFile section */
		92234BB328943E1A00D19CED /* AddExercisePopup.swift in Sources */ = {isa = PBXBuildFile; fileRef = 92234BB228943E1A00D19CED /* AddExercisePopup.swift */; };
		92234BB92895D79800D19CED /* Realm in Frameworks */ = {isa = PBXBuildFile; productRef = 92234BB82895D79800D19CED /* Realm */; };
		92234BBB2895D79800D19CED /* RealmSwift in Frameworks */ = {isa = PBXBuildFile; productRef = 92234BBA2895D79800D19CED /* RealmSwift */; };
		92234BBD2895EE6600D19CED /* Exercise.swift in Sources */ = {isa = PBXBuildFile; fileRef = 92234BBC2895EE6600D19CED /* Exercise.swift */; };
		92234BBF2898A14600D19CED /* EditWorkoutPopup.swift in Sources */ = {isa = PBXBuildFile; fileRef = 92234BBE2898A14600D19CED /* EditWorkoutPopup.swift */; };
		92419D782891AE6300D99AF3 /* AppDelegate.swift in Sources */ = {isa = PBXBuildFile; fileRef = 92419D772891AE6300D99AF3 /* AppDelegate.swift */; };
		92419D7A2891AE6300D99AF3 /* SceneDelegate.swift in Sources */ = {isa = PBXBuildFile; fileRef = 92419D792891AE6300D99AF3 /* SceneDelegate.swift */; };
		92419D7F2891AE6300D99AF3 /* Main.storyboard in Resources */ = {isa = PBXBuildFile; fileRef = 92419D7D2891AE6300D99AF3 /* Main.storyboard */; };
		92419D812891AE6400D99AF3 /* Assets.xcassets in Resources */ = {isa = PBXBuildFile; fileRef = 92419D802891AE6400D99AF3 /* Assets.xcassets */; };
		92419D842891AE6400D99AF3 /* LaunchScreen.storyboard in Resources */ = {isa = PBXBuildFile; fileRef = 92419D822891AE6400D99AF3 /* LaunchScreen.storyboard */; };
		92419D902891B73400D99AF3 /* WorkoutCollectionViewCell.swift in Sources */ = {isa = PBXBuildFile; fileRef = 92419D8E2891B73400D99AF3 /* WorkoutCollectionViewCell.swift */; };
		92419D912891B73400D99AF3 /* WorkoutCollectionViewCell.xib in Resources */ = {isa = PBXBuildFile; fileRef = 92419D8F2891B73400D99AF3 /* WorkoutCollectionViewCell.xib */; };
		92419D932891BA0C00D99AF3 /* Workout.swift in Sources */ = {isa = PBXBuildFile; fileRef = 92419D922891BA0C00D99AF3 /* Workout.swift */; };
		92419D972891BC1200D99AF3 /* WorkoutCollectionViewController.swift in Sources */ = {isa = PBXBuildFile; fileRef = 92419D962891BC1200D99AF3 /* WorkoutCollectionViewController.swift */; };
		928CEC1928920E3400596BD5 /* ExerciseTableViewController.swift in Sources */ = {isa = PBXBuildFile; fileRef = 928CEC1828920E3400596BD5 /* ExerciseTableViewController.swift */; };
		928CEC1C2892181000596BD5 /* ActivityCell.swift in Sources */ = {isa = PBXBuildFile; fileRef = 928CEC1A2892181000596BD5 /* ActivityCell.swift */; };
		928CEC1D2892181000596BD5 /* ActivityCell.xib in Resources */ = {isa = PBXBuildFile; fileRef = 928CEC1B2892181000596BD5 /* ActivityCell.xib */; };
		92FEA2A628943979002E9D03 /* AddWorkoutPopup.swift in Sources */ = {isa = PBXBuildFile; fileRef = 92FEA2A528943979002E9D03 /* AddWorkoutPopup.swift */; };
/* End PBXBuildFile section */

/* Begin PBXFileReference section */
		92234BB228943E1A00D19CED /* AddExercisePopup.swift */ = {isa = PBXFileReference; lastKnownFileType = sourcecode.swift; path = AddExercisePopup.swift; sourceTree = "<group>"; };
		92234BBC2895EE6600D19CED /* Exercise.swift */ = {isa = PBXFileReference; lastKnownFileType = sourcecode.swift; path = Exercise.swift; sourceTree = "<group>"; };
		92234BBE2898A14600D19CED /* EditWorkoutPopup.swift */ = {isa = PBXFileReference; lastKnownFileType = sourcecode.swift; path = EditWorkoutPopup.swift; sourceTree = "<group>"; };
		92419D742891AE6300D99AF3 /* Custom Fitness.app */ = {isa = PBXFileReference; explicitFileType = wrapper.application; includeInIndex = 0; path = "Custom Fitness.app"; sourceTree = BUILT_PRODUCTS_DIR; };
		92419D772891AE6300D99AF3 /* AppDelegate.swift */ = {isa = PBXFileReference; lastKnownFileType = sourcecode.swift; path = AppDelegate.swift; sourceTree = "<group>"; };
		92419D792891AE6300D99AF3 /* SceneDelegate.swift */ = {isa = PBXFileReference; lastKnownFileType = sourcecode.swift; path = SceneDelegate.swift; sourceTree = "<group>"; };
		92419D7E2891AE6300D99AF3 /* Base */ = {isa = PBXFileReference; lastKnownFileType = file.storyboard; name = Base; path = Base.lproj/Main.storyboard; sourceTree = "<group>"; };
		92419D802891AE6400D99AF3 /* Assets.xcassets */ = {isa = PBXFileReference; lastKnownFileType = folder.assetcatalog; path = Assets.xcassets; sourceTree = "<group>"; };
		92419D832891AE6400D99AF3 /* Base */ = {isa = PBXFileReference; lastKnownFileType = file.storyboard; name = Base; path = Base.lproj/LaunchScreen.storyboard; sourceTree = "<group>"; };
		92419D852891AE6400D99AF3 /* Info.plist */ = {isa = PBXFileReference; lastKnownFileType = text.plist.xml; path = Info.plist; sourceTree = "<group>"; };
		92419D8E2891B73400D99AF3 /* WorkoutCollectionViewCell.swift */ = {isa = PBXFileReference; lastKnownFileType = sourcecode.swift; path = WorkoutCollectionViewCell.swift; sourceTree = "<group>"; };
		92419D8F2891B73400D99AF3 /* WorkoutCollectionViewCell.xib */ = {isa = PBXFileReference; lastKnownFileType = file.xib; path = WorkoutCollectionViewCell.xib; sourceTree = "<group>"; };
		92419D922891BA0C00D99AF3 /* Workout.swift */ = {isa = PBXFileReference; lastKnownFileType = sourcecode.swift; path = Workout.swift; sourceTree = "<group>"; };
		92419D962891BC1200D99AF3 /* WorkoutCollectionViewController.swift */ = {isa = PBXFileReference; lastKnownFileType = sourcecode.swift; path = WorkoutCollectionViewController.swift; sourceTree = "<group>"; };
		928CEC1828920E3400596BD5 /* ExerciseTableViewController.swift */ = {isa = PBXFileReference; lastKnownFileType = sourcecode.swift; path = ExerciseTableViewController.swift; sourceTree = "<group>"; };
		928CEC1A2892181000596BD5 /* ActivityCell.swift */ = {isa = PBXFileReference; lastKnownFileType = sourcecode.swift; path = ActivityCell.swift; sourceTree = "<group>"; };
		928CEC1B2892181000596BD5 /* ActivityCell.xib */ = {isa = PBXFileReference; lastKnownFileType = file.xib; path = ActivityCell.xib; sourceTree = "<group>"; };
		92FEA2A528943979002E9D03 /* AddWorkoutPopup.swift */ = {isa = PBXFileReference; lastKnownFileType = sourcecode.swift; path = AddWorkoutPopup.swift; sourceTree = "<group>"; };
/* End PBXFileReference section */

/* Begin PBXFrameworksBuildPhase section */
		92419D712891AE6300D99AF3 /* Frameworks */ = {
			isa = PBXFrameworksBuildPhase;
			buildActionMask = 2147483647;
			files = (
				92234BBB2895D79800D19CED /* RealmSwift in Frameworks */,
				92234BB92895D79800D19CED /* Realm in Frameworks */,
			);
			runOnlyForDeploymentPostprocessing = 0;
		};
/* End PBXFrameworksBuildPhase section */

/* Begin PBXGroup section */
		92419D6B2891AE6300D99AF3 = {
			isa = PBXGroup;
			children = (
				92419D762891AE6300D99AF3 /* Custom Fitness */,
				92419D752891AE6300D99AF3 /* Products */,
			);
			sourceTree = "<group>";
		};
		92419D752891AE6300D99AF3 /* Products */ = {
			isa = PBXGroup;
			children = (
				92419D742891AE6300D99AF3 /* Custom Fitness.app */,
			);
			name = Products;
			sourceTree = "<group>";
		};
		92419D762891AE6300D99AF3 /* Custom Fitness */ = {
			isa = PBXGroup;
			children = (
				92419D792891AE6300D99AF3 /* SceneDelegate.swift */,
				92419D772891AE6300D99AF3 /* AppDelegate.swift */,
				92419D8C2891B6B600D99AF3 /* Models */,
				92419D8D2891B6BF00D99AF3 /* View */,
				92419D8B2891B69600D99AF3 /* Contollers */,
				92419D802891AE6400D99AF3 /* Assets.xcassets */,
				92419D852891AE6400D99AF3 /* Info.plist */,
			);
			path = "Custom Fitness";
			sourceTree = "<group>";
		};
		92419D8B2891B69600D99AF3 /* Contollers */ = {
			isa = PBXGroup;
			children = (
				92419D962891BC1200D99AF3 /* WorkoutCollectionViewController.swift */,
				928CEC1828920E3400596BD5 /* ExerciseTableViewController.swift */,
				92FEA2A528943979002E9D03 /* AddWorkoutPopup.swift */,
				92234BB228943E1A00D19CED /* AddExercisePopup.swift */,
				92234BBE2898A14600D19CED /* EditWorkoutPopup.swift */,
			);
			path = Contollers;
			sourceTree = "<group>";
		};
		92419D8C2891B6B600D99AF3 /* Models */ = {
			isa = PBXGroup;
			children = (
				92419D922891BA0C00D99AF3 /* Workout.swift */,
				92234BBC2895EE6600D19CED /* Exercise.swift */,
			);
			path = Models;
			sourceTree = "<group>";
		};
		92419D8D2891B6BF00D99AF3 /* View */ = {
			isa = PBXGroup;
			children = (
				92419D822891AE6400D99AF3 /* LaunchScreen.storyboard */,
				92419D7D2891AE6300D99AF3 /* Main.storyboard */,
				92419D8E2891B73400D99AF3 /* WorkoutCollectionViewCell.swift */,
				92419D8F2891B73400D99AF3 /* WorkoutCollectionViewCell.xib */,
				928CEC1A2892181000596BD5 /* ActivityCell.swift */,
				928CEC1B2892181000596BD5 /* ActivityCell.xib */,
			);
			path = View;
			sourceTree = "<group>";
		};
/* End PBXGroup section */

/* Begin PBXNativeTarget section */
		92419D732891AE6300D99AF3 /* Custom Fitness */ = {
			isa = PBXNativeTarget;
			buildConfigurationList = 92419D882891AE6400D99AF3 /* Build configuration list for PBXNativeTarget "Custom Fitness" */;
			buildPhases = (
				92419D702891AE6300D99AF3 /* Sources */,
				92419D712891AE6300D99AF3 /* Frameworks */,
				92419D722891AE6300D99AF3 /* Resources */,
			);
			buildRules = (
			);
			dependencies = (
			);
			name = "Custom Fitness";
			packageProductDependencies = (
				92234BB82895D79800D19CED /* Realm */,
				92234BBA2895D79800D19CED /* RealmSwift */,
			);
			productName = "Custom Fitness";
			productReference = 92419D742891AE6300D99AF3 /* Custom Fitness.app */;
			productType = "com.apple.product-type.application";
		};
/* End PBXNativeTarget section */

/* Begin PBXProject section */
		92419D6C2891AE6300D99AF3 /* Project object */ = {
			isa = PBXProject;
			attributes = {
				BuildIndependentTargetsInParallel = 1;
				LastSwiftUpdateCheck = 1340;
				LastUpgradeCheck = 1340;
				TargetAttributes = {
					92419D732891AE6300D99AF3 = {
						CreatedOnToolsVersion = 13.4.1;
					};
				};
			};
			buildConfigurationList = 92419D6F2891AE6300D99AF3 /* Build configuration list for PBXProject "Custom Fitness" */;
			compatibilityVersion = "Xcode 13.0";
			developmentRegion = en;
			hasScannedForEncodings = 0;
			knownRegions = (
				en,
				Base,
			);
			mainGroup = 92419D6B2891AE6300D99AF3;
			packageReferences = (
				92234BB72895D79800D19CED /* XCRemoteSwiftPackageReference "realm-swift" */,
			);
			productRefGroup = 92419D752891AE6300D99AF3 /* Products */;
			projectDirPath = "";
			projectRoot = "";
			targets = (
				92419D732891AE6300D99AF3 /* Custom Fitness */,
			);
		};
/* End PBXProject section */

/* Begin PBXResourcesBuildPhase section */
		92419D722891AE6300D99AF3 /* Resources */ = {
			isa = PBXResourcesBuildPhase;
			buildActionMask = 2147483647;
			files = (
				92419D912891B73400D99AF3 /* WorkoutCollectionViewCell.xib in Resources */,
				928CEC1D2892181000596BD5 /* ActivityCell.xib in Resources */,
				92419D842891AE6400D99AF3 /* LaunchScreen.storyboard in Resources */,
				92419D812891AE6400D99AF3 /* Assets.xcassets in Resources */,
				92419D7F2891AE6300D99AF3 /* Main.storyboard in Resources */,
			);
			runOnlyForDeploymentPostprocessing = 0;
		};
/* End PBXResourcesBuildPhase section */

/* Begin PBXSourcesBuildPhase section */
		92419D702891AE6300D99AF3 /* Sources */ = {
			isa = PBXSourcesBuildPhase;
			buildActionMask = 2147483647;
			files = (
				92419D902891B73400D99AF3 /* WorkoutCollectionViewCell.swift in Sources */,
				92419D782891AE6300D99AF3 /* AppDelegate.swift in Sources */,
				928CEC1928920E3400596BD5 /* ExerciseTableViewController.swift in Sources */,
				92419D972891BC1200D99AF3 /* WorkoutCollectionViewController.swift in Sources */,
				92234BBF2898A14600D19CED /* EditWorkoutPopup.swift in Sources */,
				92FEA2A628943979002E9D03 /* AddWorkoutPopup.swift in Sources */,
				92234BBD2895EE6600D19CED /* Exercise.swift in Sources */,
				928CEC1C2892181000596BD5 /* ActivityCell.swift in Sources */,
				92419D932891BA0C00D99AF3 /* Workout.swift in Sources */,
				92234BB328943E1A00D19CED /* AddExercisePopup.swift in Sources */,
				92419D7A2891AE6300D99AF3 /* SceneDelegate.swift in Sources */,
			);
			runOnlyForDeploymentPostprocessing = 0;
		};
/* End PBXSourcesBuildPhase section */

/* Begin PBXVariantGroup section */
		92419D7D2891AE6300D99AF3 /* Main.storyboard */ = {
			isa = PBXVariantGroup;
			children = (
				92419D7E2891AE6300D99AF3 /* Base */,
			);
			name = Main.storyboard;
			sourceTree = "<group>";
		};
		92419D822891AE6400D99AF3 /* LaunchScreen.storyboard */ = {
			isa = PBXVariantGroup;
			children = (
				92419D832891AE6400D99AF3 /* Base */,
			);
			name = LaunchScreen.storyboard;
			sourceTree = "<group>";
		};
/* End PBXVariantGroup section */

/* Begin XCBuildConfiguration section */
		92419D862891AE6400D99AF3 /* Debug */ = {
			isa = XCBuildConfiguration;
			buildSettings = {
				ALWAYS_SEARCH_USER_PATHS = NO;
				CLANG_ANALYZER_NONNULL = YES;
				CLANG_ANALYZER_NUMBER_OBJECT_CONVERSION = YES_AGGRESSIVE;
				CLANG_CXX_LANGUAGE_STANDARD = "gnu++17";
				CLANG_ENABLE_MODULES = YES;
				CLANG_ENABLE_OBJC_ARC = YES;
				CLANG_ENABLE_OBJC_WEAK = YES;
				CLANG_WARN_BLOCK_CAPTURE_AUTORELEASING = YES;
				CLANG_WARN_BOOL_CONVERSION = YES;
				CLANG_WARN_COMMA = YES;
				CLANG_WARN_CONSTANT_CONVERSION = YES;
				CLANG_WARN_DEPRECATED_OBJC_IMPLEMENTATIONS = YES;
				CLANG_WARN_DIRECT_OBJC_ISA_USAGE = YES_ERROR;
				CLANG_WARN_DOCUMENTATION_COMMENTS = YES;
				CLANG_WARN_EMPTY_BODY = YES;
				CLANG_WARN_ENUM_CONVERSION = YES;
				CLANG_WARN_INFINITE_RECURSION = YES;
				CLANG_WARN_INT_CONVERSION = YES;
				CLANG_WARN_NON_LITERAL_NULL_CONVERSION = YES;
				CLANG_WARN_OBJC_IMPLICIT_RETAIN_SELF = YES;
				CLANG_WARN_OBJC_LITERAL_CONVERSION = YES;
				CLANG_WARN_OBJC_ROOT_CLASS = YES_ERROR;
				CLANG_WARN_QUOTED_INCLUDE_IN_FRAMEWORK_HEADER = YES;
				CLANG_WARN_RANGE_LOOP_ANALYSIS = YES;
				CLANG_WARN_STRICT_PROTOTYPES = YES;
				CLANG_WARN_SUSPICIOUS_MOVE = YES;
				CLANG_WARN_UNGUARDED_AVAILABILITY = YES_AGGRESSIVE;
				CLANG_WARN_UNREACHABLE_CODE = YES;
				CLANG_WARN__DUPLICATE_METHOD_MATCH = YES;
				COPY_PHASE_STRIP = NO;
				DEBUG_INFORMATION_FORMAT = dwarf;
				ENABLE_STRICT_OBJC_MSGSEND = YES;
				ENABLE_TESTABILITY = YES;
				GCC_C_LANGUAGE_STANDARD = gnu11;
				GCC_DYNAMIC_NO_PIC = NO;
				GCC_NO_COMMON_BLOCKS = YES;
				GCC_OPTIMIZATION_LEVEL = 0;
				GCC_PREPROCESSOR_DEFINITIONS = (
					"DEBUG=1",
					"$(inherited)",
				);
				GCC_WARN_64_TO_32_BIT_CONVERSION = YES;
				GCC_WARN_ABOUT_RETURN_TYPE = YES_ERROR;
				GCC_WARN_UNDECLARED_SELECTOR = YES;
				GCC_WARN_UNINITIALIZED_AUTOS = YES_AGGRESSIVE;
				GCC_WARN_UNUSED_FUNCTION = YES;
				GCC_WARN_UNUSED_VARIABLE = YES;
				IPHONEOS_DEPLOYMENT_TARGET = 15.5;
				MTL_ENABLE_DEBUG_INFO = INCLUDE_SOURCE;
				MTL_FAST_MATH = YES;
				ONLY_ACTIVE_ARCH = YES;
				SDKROOT = iphoneos;
				SWIFT_ACTIVE_COMPILATION_CONDITIONS = DEBUG;
				SWIFT_OPTIMIZATION_LEVEL = "-Onone";
			};
			name = Debug;
		};
		92419D872891AE6400D99AF3 /* Release */ = {
			isa = XCBuildConfiguration;
			buildSettings = {
				ALWAYS_SEARCH_USER_PATHS = NO;
				CLANG_ANALYZER_NONNULL = YES;
				CLANG_ANALYZER_NUMBER_OBJECT_CONVERSION = YES_AGGRESSIVE;
				CLANG_CXX_LANGUAGE_STANDARD = "gnu++17";
				CLANG_ENABLE_MODULES = YES;
				CLANG_ENABLE_OBJC_ARC = YES;
				CLANG_ENABLE_OBJC_WEAK = YES;
				CLANG_WARN_BLOCK_CAPTURE_AUTORELEASING = YES;
				CLANG_WARN_BOOL_CONVERSION = YES;
				CLANG_WARN_COMMA = YES;
				CLANG_WARN_CONSTANT_CONVERSION = YES;
				CLANG_WARN_DEPRECATED_OBJC_IMPLEMENTATIONS = YES;
				CLANG_WARN_DIRECT_OBJC_ISA_USAGE = YES_ERROR;
				CLANG_WARN_DOCUMENTATION_COMMENTS = YES;
				CLANG_WARN_EMPTY_BODY = YES;
				CLANG_WARN_ENUM_CONVERSION = YES;
				CLANG_WARN_INFINITE_RECURSION = YES;
				CLANG_WARN_INT_CONVERSION = YES;
				CLANG_WARN_NON_LITERAL_NULL_CONVERSION = YES;
				CLANG_WARN_OBJC_IMPLICIT_RETAIN_SELF = YES;
				CLANG_WARN_OBJC_LITERAL_CONVERSION = YES;
				CLANG_WARN_OBJC_ROOT_CLASS = YES_ERROR;
				CLANG_WARN_QUOTED_INCLUDE_IN_FRAMEWORK_HEADER = YES;
				CLANG_WARN_RANGE_LOOP_ANALYSIS = YES;
				CLANG_WARN_STRICT_PROTOTYPES = YES;
				CLANG_WARN_SUSPICIOUS_MOVE = YES;
				CLANG_WARN_UNGUARDED_AVAILABILITY = YES_AGGRESSIVE;
				CLANG_WARN_UNREACHABLE_CODE = YES;
				CLANG_WARN__DUPLICATE_METHOD_MATCH = YES;
				COPY_PHASE_STRIP = NO;
				DEBUG_INFORMATION_FORMAT = "dwarf-with-dsym";
				ENABLE_NS_ASSERTIONS = NO;
				ENABLE_STRICT_OBJC_MSGSEND = YES;
				GCC_C_LANGUAGE_STANDARD = gnu11;
				GCC_NO_COMMON_BLOCKS = YES;
				GCC_WARN_64_TO_32_BIT_CONVERSION = YES;
				GCC_WARN_ABOUT_RETURN_TYPE = YES_ERROR;
				GCC_WARN_UNDECLARED_SELECTOR = YES;
				GCC_WARN_UNINITIALIZED_AUTOS = YES_AGGRESSIVE;
				GCC_WARN_UNUSED_FUNCTION = YES;
				GCC_WARN_UNUSED_VARIABLE = YES;
				IPHONEOS_DEPLOYMENT_TARGET = 15.5;
				MTL_ENABLE_DEBUG_INFO = NO;
				MTL_FAST_MATH = YES;
				SDKROOT = iphoneos;
				SWIFT_COMPILATION_MODE = wholemodule;
				SWIFT_OPTIMIZATION_LEVEL = "-O";
				VALIDATE_PRODUCT = YES;
			};
			name = Release;
		};
		92419D892891AE6400D99AF3 /* Debug */ = {
			isa = XCBuildConfiguration;
			buildSettings = {
				ASSETCATALOG_COMPILER_APPICON_NAME = AppIcon;
				ASSETCATALOG_COMPILER_GLOBAL_ACCENT_COLOR_NAME = AccentColor;
				CODE_SIGN_STYLE = Automatic;
				CURRENT_PROJECT_VERSION = 1;
				DEVELOPMENT_TEAM = TWB3G9UX42;
				GENERATE_INFOPLIST_FILE = YES;
				INFOPLIST_FILE = "Custom Fitness/Info.plist";
				INFOPLIST_KEY_UIApplicationSupportsIndirectInputEvents = YES;
				INFOPLIST_KEY_UILaunchStoryboardName = LaunchScreen;
				INFOPLIST_KEY_UIMainStoryboardFile = Main;
				INFOPLIST_KEY_UISupportedInterfaceOrientations_iPad = "UIInterfaceOrientationPortrait UIInterfaceOrientationPortraitUpsideDown UIInterfaceOrientationLandscapeLeft UIInterfaceOrientationLandscapeRight";
				INFOPLIST_KEY_UISupportedInterfaceOrientations_iPhone = "UIInterfaceOrientationPortrait UIInterfaceOrientationLandscapeLeft UIInterfaceOrientationLandscapeRight";
				LD_RUNPATH_SEARCH_PATHS = (
					"$(inherited)",
					"@executable_path/Frameworks",
				);
				MARKETING_VERSION = 1.0;
				PRODUCT_BUNDLE_IDENTIFIER = "zachapps.io.Custom-Fitness";
				PRODUCT_NAME = "$(TARGET_NAME)";
				SWIFT_EMIT_LOC_STRINGS = YES;
				SWIFT_VERSION = 5.0;
				TARGETED_DEVICE_FAMILY = "1,2";
			};
			name = Debug;
		};
		92419D8A2891AE6400D99AF3 /* Release */ = {
			isa = XCBuildConfiguration;
			buildSettings = {
				ASSETCATALOG_COMPILER_APPICON_NAME = AppIcon;
				ASSETCATALOG_COMPILER_GLOBAL_ACCENT_COLOR_NAME = AccentColor;
				CODE_SIGN_STYLE = Automatic;
				CURRENT_PROJECT_VERSION = 1;
				DEVELOPMENT_TEAM = TWB3G9UX42;
				GENERATE_INFOPLIST_FILE = YES;
				INFOPLIST_FILE = "Custom Fitness/Info.plist";
				INFOPLIST_KEY_UIApplicationSupportsIndirectInputEvents = YES;
				INFOPLIST_KEY_UILaunchStoryboardName = LaunchScreen;
				INFOPLIST_KEY_UIMainStoryboardFile = Main;
				INFOPLIST_KEY_UISupportedInterfaceOrientations_iPad = "UIInterfaceOrientationPortrait UIInterfaceOrientationPortraitUpsideDown UIInterfaceOrientationLandscapeLeft UIInterfaceOrientationLandscapeRight";
				INFOPLIST_KEY_UISupportedInterfaceOrientations_iPhone = "UIInterfaceOrientationPortrait UIInterfaceOrientationLandscapeLeft UIInterfaceOrientationLandscapeRight";
				LD_RUNPATH_SEARCH_PATHS = (
					"$(inherited)",
					"@executable_path/Frameworks",
				);
				MARKETING_VERSION = 1.0;
				PRODUCT_BUNDLE_IDENTIFIER = "zachapps.io.Custom-Fitness";
				PRODUCT_NAME = "$(TARGET_NAME)";
				SWIFT_EMIT_LOC_STRINGS = YES;
				SWIFT_VERSION = 5.0;
				TARGETED_DEVICE_FAMILY = "1,2";
			};
			name = Release;
		};
/* End XCBuildConfiguration section */

/* Begin XCConfigurationList section */
		92419D6F2891AE6300D99AF3 /* Build configuration list for PBXProject "Custom Fitness" */ = {
			isa = XCConfigurationList;
			buildConfigurations = (
				92419D862891AE6400D99AF3 /* Debug */,
				92419D872891AE6400D99AF3 /* Release */,
			);
			defaultConfigurationIsVisible = 0;
			defaultConfigurationName = Release;
		};
		92419D882891AE6400D99AF3 /* Build configuration list for PBXNativeTarget "Custom Fitness" */ = {
			isa = XCConfigurationList;
			buildConfigurations = (
				92419D892891AE6400D99AF3 /* Debug */,
				92419D8A2891AE6400D99AF3 /* Release */,
			);
			defaultConfigurationIsVisible = 0;
			defaultConfigurationName = Release;
		};
/* End XCConfigurationList section */

/* Begin XCRemoteSwiftPackageReference section */
		92234BB72895D79800D19CED /* XCRemoteSwiftPackageReference "realm-swift" */ = {
			isa = XCRemoteSwiftPackageReference;
			repositoryURL = "https://github.com/realm/realm-swift.git";
			requirement = {
				kind = upToNextMajorVersion;
				minimumVersion = 10.28.3;
			};
		};
/* End XCRemoteSwiftPackageReference section */

/* Begin XCSwiftPackageProductDependency section */
		92234BB82895D79800D19CED /* Realm */ = {
			isa = XCSwiftPackageProductDependency;
			package = 92234BB72895D79800D19CED /* XCRemoteSwiftPackageReference "realm-swift" */;
			productName = Realm;
		};
		92234BBA2895D79800D19CED /* RealmSwift */ = {
			isa = XCSwiftPackageProductDependency;
			package = 92234BB72895D79800D19CED /* XCRemoteSwiftPackageReference "realm-swift" */;
			productName = RealmSwift;
		};
/* End XCSwiftPackageProductDependency section */
	};
	rootObject = 92419D6C2891AE6300D99AF3 /* Project object */;
}
